// !$*UTF8*$!
{
	archiveVersion = 1;
	classes = {
	};
	objectVersion = 46;
	objects = {

/* Begin PBXBuildFile section */
		F4F143591F7C6DB30018998B /* main.m in Sources */ = {isa = PBXBuildFile; fileRef = F4F143581F7C6DB30018998B /* main.m */; };
		F4F1435C1F7C6DB30018998B /* AppDelegate.m in Sources */ = {isa = PBXBuildFile; fileRef = F4F1435B1F7C6DB30018998B /* AppDelegate.m */; };
		F4F1435F1F7C6DB30018998B /* ViewController.m in Sources */ = {isa = PBXBuildFile; fileRef = F4F1435E1F7C6DB30018998B /* ViewController.m */; };
		F4F143621F7C6DB30018998B /* Main.storyboard in Resources */ = {isa = PBXBuildFile; fileRef = F4F143601F7C6DB30018998B /* Main.storyboard */; };
		F4F143641F7C6DB30018998B /* Assets.xcassets in Resources */ = {isa = PBXBuildFile; fileRef = F4F143631F7C6DB30018998B /* Assets.xcassets */; };
		F4F143671F7C6DB30018998B /* LaunchScreen.storyboard in Resources */ = {isa = PBXBuildFile; fileRef = F4F143651F7C6DB30018998B /* LaunchScreen.storyboard */; };
		F4F143721F7C6DB40018998B /* MiPrimerMapaTests.m in Sources */ = {isa = PBXBuildFile; fileRef = F4F143711F7C6DB40018998B /* MiPrimerMapaTests.m */; };
		F4F1437D1F7C6DB40018998B /* MiPrimerMapaUITests.m in Sources */ = {isa = PBXBuildFile; fileRef = F4F1437C1F7C6DB40018998B /* MiPrimerMapaUITests.m */; };
/* End PBXBuildFile section */

/* Begin PBXContainerItemProxy section */
		F4F1436E1F7C6DB40018998B /* PBXContainerItemProxy */ = {
			isa = PBXContainerItemProxy;
			containerPortal = F4F1434C1F7C6DB30018998B /* Project object */;
			proxyType = 1;
			remoteGlobalIDString = F4F143531F7C6DB30018998B;
			remoteInfo = MiPrimerMapa;
		};
		F4F143791F7C6DB40018998B /* PBXContainerItemProxy */ = {
			isa = PBXContainerItemProxy;
			containerPortal = F4F1434C1F7C6DB30018998B /* Project object */;
			proxyType = 1;
			remoteGlobalIDString = F4F143531F7C6DB30018998B;
			remoteInfo = MiPrimerMapa;
		};
/* End PBXContainerItemProxy section */

/* Begin PBXFileReference section */
		F4F143541F7C6DB30018998B /* MiPrimerMapa.app */ = {isa = PBXFileReference; explicitFileType = wrapper.application; includeInIndex = 0; path = MiPrimerMapa.app; sourceTree = BUILT_PRODUCTS_DIR; };
		F4F143581F7C6DB30018998B /* main.m */ = {isa = PBXFileReference; lastKnownFileType = sourcecode.c.objc; path = main.m; sourceTree = "<group>"; };
		F4F1435A1F7C6DB30018998B /* AppDelegate.h */ = {isa = PBXFileReference; lastKnownFileType = sourcecode.c.h; path = AppDelegate.h; sourceTree = "<group>"; };
		F4F1435B1F7C6DB30018998B /* AppDelegate.m */ = {isa = PBXFileReference; lastKnownFileType = sourcecode.c.objc; path = AppDelegate.m; sourceTree = "<group>"; };
		F4F1435D1F7C6DB30018998B /* ViewController.h */ = {isa = PBXFileReference; lastKnownFileType = sourcecode.c.h; path = ViewController.h; sourceTree = "<group>"; };
		F4F1435E1F7C6DB30018998B /* ViewController.m */ = {isa = PBXFileReference; lastKnownFileType = sourcecode.c.objc; path = ViewController.m; sourceTree = "<group>"; };
		F4F143611F7C6DB30018998B /* Base */ = {isa = PBXFileReference; lastKnownFileType = file.storyboard; name = Base; path = Base.lproj/Main.storyboard; sourceTree = "<group>"; };
		F4F143631F7C6DB30018998B /* Assets.xcassets */ = {isa = PBXFileReference; lastKnownFileType = folder.assetcatalog; path = Assets.xcassets; sourceTree = "<group>"; };
		F4F143661F7C6DB30018998B /* Base */ = {isa = PBXFileReference; lastKnownFileType = file.storyboard; name = Base; path = Base.lproj/LaunchScreen.storyboard; sourceTree = "<group>"; };
		F4F143681F7C6DB30018998B /* Info.plist */ = {isa = PBXFileReference; lastKnownFileType = text.plist.xml; path = Info.plist; sourceTree = "<group>"; };
		F4F1436D1F7C6DB40018998B /* MiPrimerMapaTests.xctest */ = {isa = PBXFileReference; explicitFileType = wrapper.cfbundle; includeInIndex = 0; path = MiPrimerMapaTests.xctest; sourceTree = BUILT_PRODUCTS_DIR; };
		F4F143711F7C6DB40018998B /* MiPrimerMapaTests.m */ = {isa = PBXFileReference; lastKnownFileType = sourcecode.c.objc; path = MiPrimerMapaTests.m; sourceTree = "<group>"; };
		F4F143731F7C6DB40018998B /* Info.plist */ = {isa = PBXFileReference; lastKnownFileType = text.plist.xml; path = Info.plist; sourceTree = "<group>"; };
		F4F143781F7C6DB40018998B /* MiPrimerMapaUITests.xctest */ = {isa = PBXFileReference; explicitFileType = wrapper.cfbundle; includeInIndex = 0; path = MiPrimerMapaUITests.xctest; sourceTree = BUILT_PRODUCTS_DIR; };
		F4F1437C1F7C6DB40018998B /* MiPrimerMapaUITests.m */ = {isa = PBXFileReference; lastKnownFileType = sourcecode.c.objc; path = MiPrimerMapaUITests.m; sourceTree = "<group>"; };
		F4F1437E1F7C6DB40018998B /* Info.plist */ = {isa = PBXFileReference; lastKnownFileType = text.plist.xml; path = Info.plist; sourceTree = "<group>"; };
/* End PBXFileReference section */

/* Begin PBXFrameworksBuildPhase section */
		F4F143511F7C6DB30018998B /* Frameworks */ = {
			isa = PBXFrameworksBuildPhase;
			buildActionMask = 2147483647;
			files = (
			);
			runOnlyForDeploymentPostprocessing = 0;
		};
		F4F1436A1F7C6DB40018998B /* Frameworks */ = {
			isa = PBXFrameworksBuildPhase;
			buildActionMask = 2147483647;
			files = (
			);
			runOnlyForDeploymentPostprocessing = 0;
		};
		F4F143751F7C6DB40018998B /* Frameworks */ = {
			isa = PBXFrameworksBuildPhase;
			buildActionMask = 2147483647;
			files = (
			);
			runOnlyForDeploymentPostprocessing = 0;
		};
/* End PBXFrameworksBuildPhase section */

/* Begin PBXGroup section */
		F4F1434B1F7C6DB30018998B = {
			isa = PBXGroup;
			children = (
				F4F143561F7C6DB30018998B /* MiPrimerMapa */,
				F4F143701F7C6DB40018998B /* MiPrimerMapaTests */,
				F4F1437B1F7C6DB40018998B /* MiPrimerMapaUITests */,
				F4F143551F7C6DB30018998B /* Products */,
			);
			sourceTree = "<group>";
		};
		F4F143551F7C6DB30018998B /* Products */ = {
			isa = PBXGroup;
			children = (
				F4F143541F7C6DB30018998B /* MiPrimerMapa.app */,
				F4F1436D1F7C6DB40018998B /* MiPrimerMapaTests.xctest */,
				F4F143781F7C6DB40018998B /* MiPrimerMapaUITests.xctest */,
			);
			name = Products;
			sourceTree = "<group>";
		};
		F4F143561F7C6DB30018998B /* MiPrimerMapa */ = {
			isa = PBXGroup;
			children = (
				F4F1435A1F7C6DB30018998B /* AppDelegate.h */,
				F4F1435B1F7C6DB30018998B /* AppDelegate.m */,
				F4F1435D1F7C6DB30018998B /* ViewController.h */,
				F4F1435E1F7C6DB30018998B /* ViewController.m */,
				F4F143601F7C6DB30018998B /* Main.storyboard */,
				F4F143631F7C6DB30018998B /* Assets.xcassets */,
				F4F143651F7C6DB30018998B /* LaunchScreen.storyboard */,
				F4F143681F7C6DB30018998B /* Info.plist */,
				F4F143571F7C6DB30018998B /* Supporting Files */,
			);
			path = MiPrimerMapa;
			sourceTree = "<group>";
		};
		F4F143571F7C6DB30018998B /* Supporting Files */ = {
			isa = PBXGroup;
			children = (
				F4F143581F7C6DB30018998B /* main.m */,
			);
			name = "Supporting Files";
			sourceTree = "<group>";
		};
		F4F143701F7C6DB40018998B /* MiPrimerMapaTests */ = {
			isa = PBXGroup;
			children = (
				F4F143711F7C6DB40018998B /* MiPrimerMapaTests.m */,
				F4F143731F7C6DB40018998B /* Info.plist */,
			);
			path = MiPrimerMapaTests;
			sourceTree = "<group>";
		};
		F4F1437B1F7C6DB40018998B /* MiPrimerMapaUITests */ = {
			isa = PBXGroup;
			children = (
				F4F1437C1F7C6DB40018998B /* MiPrimerMapaUITests.m */,
				F4F1437E1F7C6DB40018998B /* Info.plist */,
			);
			path = MiPrimerMapaUITests;
			sourceTree = "<group>";
		};
/* End PBXGroup section */

/* Begin PBXNativeTarget section */
		F4F143531F7C6DB30018998B /* MiPrimerMapa */ = {
			isa = PBXNativeTarget;
			buildConfigurationList = F4F143811F7C6DB40018998B /* Build configuration list for PBXNativeTarget "MiPrimerMapa" */;
			buildPhases = (
				F4F143501F7C6DB30018998B /* Sources */,
				F4F143511F7C6DB30018998B /* Frameworks */,
				F4F143521F7C6DB30018998B /* Resources */,
			);
			buildRules = (
			);
			dependencies = (
			);
			name = MiPrimerMapa;
			productName = MiPrimerMapa;
			productReference = F4F143541F7C6DB30018998B /* MiPrimerMapa.app */;
			productType = "com.apple.product-type.application";
		};
		F4F1436C1F7C6DB40018998B /* MiPrimerMapaTests */ = {
			isa = PBXNativeTarget;
			buildConfigurationList = F4F143841F7C6DB40018998B /* Build configuration list for PBXNativeTarget "MiPrimerMapaTests" */;
			buildPhases = (
				F4F143691F7C6DB40018998B /* Sources */,
				F4F1436A1F7C6DB40018998B /* Frameworks */,
				F4F1436B1F7C6DB40018998B /* Resources */,
			);
			buildRules = (
			);
			dependencies = (
				F4F1436F1F7C6DB40018998B /* PBXTargetDependency */,
			);
			name = MiPrimerMapaTests;
			productName = MiPrimerMapaTests;
			productReference = F4F1436D1F7C6DB40018998B /* MiPrimerMapaTests.xctest */;
			productType = "com.apple.product-type.bundle.unit-test";
		};
		F4F143771F7C6DB40018998B /* MiPrimerMapaUITests */ = {
			isa = PBXNativeTarget;
			buildConfigurationList = F4F143871F7C6DB40018998B /* Build configuration list for PBXNativeTarget "MiPrimerMapaUITests" */;
			buildPhases = (
				F4F143741F7C6DB40018998B /* Sources */,
				F4F143751F7C6DB40018998B /* Frameworks */,
				F4F143761F7C6DB40018998B /* Resources */,
			);
			buildRules = (
			);
			dependencies = (
				F4F1437A1F7C6DB40018998B /* PBXTargetDependency */,
			);
			name = MiPrimerMapaUITests;
			productName = MiPrimerMapaUITests;
			productReference = F4F143781F7C6DB40018998B /* MiPrimerMapaUITests.xctest */;
			productType = "com.apple.product-type.bundle.ui-testing";
		};
/* End PBXNativeTarget section */

/* Begin PBXProject section */
		F4F1434C1F7C6DB30018998B /* Project object */ = {
			isa = PBXProject;
			attributes = {
				LastUpgradeCheck = 0830;
				ORGANIZATIONNAME = MarcoRoa;
				TargetAttributes = {
					F4F143531F7C6DB30018998B = {
						CreatedOnToolsVersion = 8.3.3;
						ProvisioningStyle = Automatic;
					};
					F4F1436C1F7C6DB40018998B = {
						CreatedOnToolsVersion = 8.3.3;
						ProvisioningStyle = Automatic;
						TestTargetID = F4F143531F7C6DB30018998B;
					};
					F4F143771F7C6DB40018998B = {
						CreatedOnToolsVersion = 8.3.3;
						ProvisioningStyle = Automatic;
						TestTargetID = F4F143531F7C6DB30018998B;
					};
				};
			};
			buildConfigurationList = F4F1434F1F7C6DB30018998B /* Build configuration list for PBXProject "MiPrimerMapa" */;
			compatibilityVersion = "Xcode 3.2";
			developmentRegion = English;
			hasScannedForEncodings = 0;
			knownRegions = (
				en,
				Base,
			);
			mainGroup = F4F1434B1F7C6DB30018998B;
			productRefGroup = F4F143551F7C6DB30018998B /* Products */;
			projectDirPath = "";
			projectRoot = "";
			targets = (
				F4F143531F7C6DB30018998B /* MiPrimerMapa */,
				F4F1436C1F7C6DB40018998B /* MiPrimerMapaTests */,
				F4F143771F7C6DB40018998B /* MiPrimerMapaUITests */,
			);
		};
/* End PBXProject section */

/* Begin PBXResourcesBuildPhase section */
		F4F143521F7C6DB30018998B /* Resources */ = {
			isa = PBXResourcesBuildPhase;
			buildActionMask = 2147483647;
			files = (
				F4F143671F7C6DB30018998B /* LaunchScreen.storyboard in Resources */,
				F4F143641F7C6DB30018998B /* Assets.xcassets in Resources */,
				F4F143621F7C6DB30018998B /* Main.storyboard in Resources */,
			);
			runOnlyForDeploymentPostprocessing = 0;
		};
		F4F1436B1F7C6DB40018998B /* Resources */ = {
			isa = PBXResourcesBuildPhase;
			buildActionMask = 2147483647;
			files = (
			);
			runOnlyForDeploymentPostprocessing = 0;
		};
		F4F143761F7C6DB40018998B /* Resources */ = {
			isa = PBXResourcesBuildPhase;
			buildActionMask = 2147483647;
			files = (
			);
			runOnlyForDeploymentPostprocessing = 0;
		};
/* End PBXResourcesBuildPhase section */

/* Begin PBXSourcesBuildPhase section */
		F4F143501F7C6DB30018998B /* Sources */ = {
			isa = PBXSourcesBuildPhase;
			buildActionMask = 2147483647;
			files = (
				F4F1435F1F7C6DB30018998B /* ViewController.m in Sources */,
				F4F1435C1F7C6DB30018998B /* AppDelegate.m in Sources */,
				F4F143591F7C6DB30018998B /* main.m in Sources */,
			);
			runOnlyForDeploymentPostprocessing = 0;
		};
		F4F143691F7C6DB40018998B /* Sources */ = {
			isa = PBXSourcesBuildPhase;
			buildActionMask = 2147483647;
			files = (
				F4F143721F7C6DB40018998B /* MiPrimerMapaTests.m in Sources */,
			);
			runOnlyForDeploymentPostprocessing = 0;
		};
		F4F143741F7C6DB40018998B /* Sources */ = {
			isa = PBXSourcesBuildPhase;
			buildActionMask = 2147483647;
			files = (
				F4F1437D1F7C6DB40018998B /* MiPrimerMapaUITests.m in Sources */,
			);
			runOnlyForDeploymentPostprocessing = 0;
		};
/* End PBXSourcesBuildPhase section */

/* Begin PBXTargetDependency section */
		F4F1436F1F7C6DB40018998B /* PBXTargetDependency */ = {
			isa = PBXTargetDependency;
			target = F4F143531F7C6DB30018998B /* MiPrimerMapa */;
			targetProxy = F4F1436E1F7C6DB40018998B /* PBXContainerItemProxy */;
		};
		F4F1437A1F7C6DB40018998B /* PBXTargetDependency */ = {
			isa = PBXTargetDependency;
			target = F4F143531F7C6DB30018998B /* MiPrimerMapa */;
			targetProxy = F4F143791F7C6DB40018998B /* PBXContainerItemProxy */;
		};
/* End PBXTargetDependency section */

/* Begin PBXVariantGroup section */
		F4F143601F7C6DB30018998B /* Main.storyboard */ = {
			isa = PBXVariantGroup;
			children = (
				F4F143611F7C6DB30018998B /* Base */,
			);
			name = Main.storyboard;
			sourceTree = "<group>";
		};
		F4F143651F7C6DB30018998B /* LaunchScreen.storyboard */ = {
			isa = PBXVariantGroup;
			children = (
				F4F143661F7C6DB30018998B /* Base */,
			);
			name = LaunchScreen.storyboard;
			sourceTree = "<group>";
		};
/* End PBXVariantGroup section */

/* Begin XCBuildConfiguration section */
		F4F1437F1F7C6DB40018998B /* Debug */ = {
			isa = XCBuildConfiguration;
			buildSettings = {
				ALWAYS_SEARCH_USER_PATHS = NO;
				CLANG_ANALYZER_NONNULL = YES;
				CLANG_ANALYZER_NUMBER_OBJECT_CONVERSION = YES_AGGRESSIVE;
				CLANG_CXX_LANGUAGE_STANDARD = "gnu++0x";
				CLANG_CXX_LIBRARY = "libc++";
				CLANG_ENABLE_MODULES = YES;
				CLANG_ENABLE_OBJC_ARC = YES;
				CLANG_WARN_BOOL_CONVERSION = YES;
				CLANG_WARN_CONSTANT_CONVERSION = YES;
				CLANG_WARN_DIRECT_OBJC_ISA_USAGE = YES_ERROR;
				CLANG_WARN_DOCUMENTATION_COMMENTS = YES;
				CLANG_WARN_EMPTY_BODY = YES;
				CLANG_WARN_ENUM_CONVERSION = YES;
				CLANG_WARN_INFINITE_RECURSION = YES;
				CLANG_WARN_INT_CONVERSION = YES;
				CLANG_WARN_OBJC_ROOT_CLASS = YES_ERROR;
				CLANG_WARN_SUSPICIOUS_MOVE = YES;
				CLANG_WARN_UNREACHABLE_CODE = YES;
				CLANG_WARN__DUPLICATE_METHOD_MATCH = YES;
				"CODE_SIGN_IDENTITY[sdk=iphoneos*]" = "iPhone Developer";
				COPY_PHASE_STRIP = NO;
				DEBUG_INFORMATION_FORMAT = dwarf;
				ENABLE_STRICT_OBJC_MSGSEND = YES;
				ENABLE_TESTABILITY = YES;
				GCC_C_LANGUAGE_STANDARD = gnu99;
				GCC_DYNAMIC_NO_PIC = NO;
				GCC_NO_COMMON_BLOCKS = YES;
				GCC_OPTIMIZATION_LEVEL = 0;
				GCC_PREPROCESSOR_DEFINITIONS = (
					"DEBUG=1",
					"$(inherited)",
				);
				GCC_WARN_64_TO_32_BIT_CONVERSION = YES;
				GCC_WARN_ABOUT_RETURN_TYPE = YES_ERROR;
				GCC_WARN_UNDECLARED_SELECTOR = YES;
				GCC_WARN_UNINITIALIZED_AUTOS = YES_AGGRESSIVE;
				GCC_WARN_UNUSED_FUNCTION = YES;
				GCC_WARN_UNUSED_VARIABLE = YES;
				IPHONEOS_DEPLOYMENT_TARGET = 10.3;
				MTL_ENABLE_DEBUG_INFO = YES;
				ONLY_ACTIVE_ARCH = YES;
				SDKROOT = iphoneos;
			};
			name = Debug;
		};
		F4F143801F7C6DB40018998B /* Release */ = {
			isa = XCBuildConfiguration;
			buildSettings = {
				ALWAYS_SEARCH_USER_PATHS = NO;
				CLANG_ANALYZER_NONNULL = YES;
				CLANG_ANALYZER_NUMBER_OBJECT_CONVERSION = YES_AGGRESSIVE;
				CLANG_CXX_LANGUAGE_STANDARD = "gnu++0x";
				CLANG_CXX_LIBRARY = "libc++";
				CLANG_ENABLE_MODULES = YES;
				CLANG_ENABLE_OBJC_ARC = YES;
				CLANG_WARN_BOOL_CONVERSION = YES;
				CLANG_WARN_CONSTANT_CONVERSION = YES;
				CLANG_WARN_DIRECT_OBJC_ISA_USAGE = YES_ERROR;
				CLANG_WARN_DOCUMENTATION_COMMENTS = YES;
				CLANG_WARN_EMPTY_BODY = YES;
				CLANG_WARN_ENUM_CONVERSION = YES;
				CLANG_WARN_INFINITE_RECURSION = YES;
				CLANG_WARN_INT_CONVERSION = YES;
				CLANG_WARN_OBJC_ROOT_CLASS = YES_ERROR;
				CLANG_WARN_SUSPICIOUS_MOVE = YES;
				CLANG_WARN_UNREACHABLE_CODE = YES;
				CLANG_WARN__DUPLICATE_METHOD_MATCH = YES;
				"CODE_SIGN_IDENTITY[sdk=iphoneos*]" = "iPhone Developer";
				COPY_PHASE_STRIP = NO;
				DEBUG_INFORMATION_FORMAT = "dwarf-with-dsym";
				ENABLE_NS_ASSERTIONS = NO;
				ENABLE_STRICT_OBJC_MSGSEND = YES;
				GCC_C_LANGUAGE_STANDARD = gnu99;
				GCC_NO_COMMON_BLOCKS = YES;
				GCC_WARN_64_TO_32_BIT_CONVERSION = YES;
				GCC_WARN_ABOUT_RETURN_TYPE = YES_ERROR;
				GCC_WARN_UNDECLARED_SELECTOR = YES;
				GCC_WARN_UNINITIALIZED_AUTOS = YES_AGGRESSIVE;
				GCC_WARN_UNUSED_FUNCTION = YES;
				GCC_WARN_UNUSED_VARIABLE = YES;
				IPHONEOS_DEPLOYMENT_TARGET = 10.3;
				MTL_ENABLE_DEBUG_INFO = NO;
				SDKROOT = iphoneos;
				VALIDATE_PRODUCT = YES;
			};
			name = Release;
		};
		F4F143821F7C6DB40018998B /* Debug */ = {
			isa = XCBuildConfiguration;
			buildSettings = {
				ASSETCATALOG_COMPILER_APPICON_NAME = AppIcon;
				INFOPLIST_FILE = MiPrimerMapa/Info.plist;
				LD_RUNPATH_SEARCH_PATHS = "$(inherited) @executable_path/Frameworks";
				PRODUCT_BUNDLE_IDENTIFIER = com.mroa.MiPrimerMapa;
				PRODUCT_NAME = "$(TARGET_NAME)";
			};
			name = Debug;
		};
		F4F143831F7C6DB40018998B /* Release */ = {
			isa = XCBuildConfiguration;
			buildSettings = {
				ASSETCATALOG_COMPILER_APPICON_NAME = AppIcon;
				INFOPLIST_FILE = MiPrimerMapa/Info.plist;
				LD_RUNPATH_SEARCH_PATHS = "$(inherited) @executable_path/Frameworks";
				PRODUCT_BUNDLE_IDENTIFIER = com.mroa.MiPrimerMapa;
				PRODUCT_NAME = "$(TARGET_NAME)";
			};
			name = Release;
		};
		F4F143851F7C6DB40018998B /* Debug */ = {
			isa = XCBuildConfiguration;
			buildSettings = {
				BUNDLE_LOADER = "$(TEST_HOST)";
				INFOPLIST_FILE = MiPrimerMapaTests/Info.plist;
				LD_RUNPATH_SEARCH_PATHS = "$(inherited) @executable_path/Frameworks @loader_path/Frameworks";
				PRODUCT_BUNDLE_IDENTIFIER = com.mroa.MiPrimerMapaTests;
				PRODUCT_NAME = "$(TARGET_NAME)";
				TEST_HOST = "$(BUILT_PRODUCTS_DIR)/MiPrimerMapa.app/MiPrimerMapa";
			};
			name = Debug;
		};
		F4F143861F7C6DB40018998B /* Release */ = {
			isa = XCBuildConfiguration;
			buildSettings = {
				BUNDLE_LOADER = "$(TEST_HOST)";
				INFOPLIST_FILE = MiPrimerMapaTests/Info.plist;
				LD_RUNPATH_SEARCH_PATHS = "$(inherited) @executable_path/Frameworks @loader_path/Frameworks";
				PRODUCT_BUNDLE_IDENTIFIER = com.mroa.MiPrimerMapaTests;
				PRODUCT_NAME = "$(TARGET_NAME)";
				TEST_HOST = "$(BUILT_PRODUCTS_DIR)/MiPrimerMapa.app/MiPrimerMapa";
			};
			name = Release;
		};
		F4F143881F7C6DB40018998B /* Debug */ = {
			isa = XCBuildConfiguration;
			buildSettings = {
				INFOPLIST_FILE = MiPrimerMapaUITests/Info.plist;
				LD_RUNPATH_SEARCH_PATHS = "$(inherited) @executable_path/Frameworks @loader_path/Frameworks";
				PRODUCT_BUNDLE_IDENTIFIER = com.mroa.MiPrimerMapaUITests;
				PRODUCT_NAME = "$(TARGET_NAME)";
				TEST_TARGET_NAME = MiPrimerMapa;
			};
			name = Debug;
		};
		F4F143891F7C6DB40018998B /* Release */ = {
			isa = XCBuildConfiguration;
			buildSettings = {
				INFOPLIST_FILE = MiPrimerMapaUITests/Info.plist;
				LD_RUNPATH_SEARCH_PATHS = "$(inherited) @executable_path/Frameworks @loader_path/Frameworks";
				PRODUCT_BUNDLE_IDENTIFIER = com.mroa.MiPrimerMapaUITests;
				PRODUCT_NAME = "$(TARGET_NAME)";
				TEST_TARGET_NAME = MiPrimerMapa;
			};
			name = Release;
		};
/* End XCBuildConfiguration section */

/* Begin XCConfigurationList section */
		F4F1434F1F7C6DB30018998B /* Build configuration list for PBXProject "MiPrimerMapa" */ = {
			isa = XCConfigurationList;
			buildConfigurations = (
				F4F1437F1F7C6DB40018998B /* Debug */,
				F4F143801F7C6DB40018998B /* Release */,
			);
			defaultConfigurationIsVisible = 0;
			defaultConfigurationName = Release;
		};
		F4F143811F7C6DB40018998B /* Build configuration list for PBXNativeTarget "MiPrimerMapa" */ = {
			isa = XCConfigurationList;
			buildConfigurations = (
				F4F143821F7C6DB40018998B /* Debug */,
				F4F143831F7C6DB40018998B /* Release */,
			);
			defaultConfigurationIsVisible = 0;
		};
		F4F143841F7C6DB40018998B /* Build configuration list for PBXNativeTarget "MiPrimerMapaTests" */ = {
			isa = XCConfigurationList;
			buildConfigurations = (
				F4F143851F7C6DB40018998B /* Debug */,
				F4F143861F7C6DB40018998B /* Release */,
			);
			defaultConfigurationIsVisible = 0;
		};
		F4F143871F7C6DB40018998B /* Build configuration list for PBXNativeTarget "MiPrimerMapaUITests" */ = {
			isa = XCConfigurationList;
			buildConfigurations = (
				F4F143881F7C6DB40018998B /* Debug */,
				F4F143891F7C6DB40018998B /* Release */,
			);
			defaultConfigurationIsVisible = 0;
		};
/* End XCConfigurationList section */
	};
	rootObject = F4F1434C1F7C6DB30018998B /* Project object */;
}
